
Microsoft Visual Studio Solution File, Format Version 12.00
# Visual Studio Version 16
VisualStudioVersion = 16.0.29306.81
MinimumVisualStudioVersion = 10.0.40219.1
Project("{8BC9CEB8-8B4A-11D0-8D11-00A0C91BC942}") = "p14", "p14\p14.vcxproj", "{30503C91-CAFA-4594-8827-5CCB84CA6297}"
EndProject
Global
	GlobalSection(SolutionConfigurationPlatforms) = preSolution
		Debug|x64 = Debug|x64
		Debug|x86 = Debug|x86
		Release|x64 = Release|x64
		Release|x86 = Release|x86
	EndGlobalSection
	GlobalSection(ProjectConfigurationPlatforms) = postSolution
		{30503C91-CAFA-4594-8827-5CCB84CA6297}.Debug|x64.ActiveCfg = Debug|x64
		{30503C91-CAFA-4594-8827-5CCB84CA6297}.Debug|x64.Build.0 = Debug|x64
		{30503C91-CAFA-4594-8827-5CCB84CA6297}.Debug|x86.ActiveCfg = Debug|Win32
		{30503C91-CAFA-4594-8827-5CCB84CA6297}.Debug|x86.Build.0 = Debug|Win32
		{30503C91-CAFA-4594-8827-5CCB84CA6297}.Release|x64.ActiveCfg = Release|x64
		{30503C91-CAFA-4594-8827-5CCB84CA6297}.Release|x64.Build.0 = Release|x64
		{30503C91-CAFA-4594-8827-5CCB84CA6297}.Release|x86.ActiveCfg = Release|Win32
		{30503C91-CAFA-4594-8827-5CCB84CA6297}.Release|x86.Build.0 = Release|Win32
	EndGlobalSection
	GlobalSection(SolutionProperties) = preSolution
		HideSolutionNode = FALSE
	EndGlobalSection
	GlobalSection(ExtensibilityGlobals) = postSolution
		SolutionGuid = {4352F190-3AE5-4F01-A6B7-2B4819CC298D}
	EndGlobalSection
EndGlobal
